
Microsoft Visual Studio Solution File, Format Version 12.00
# Visual Studio Version 17
VisualStudioVersion = 17.3.32804.467
MinimumVisualStudioVersion = 10.0.40219.1
Project("{FAE04EC0-301F-11D3-BF4B-00C04F79EFBC}") = "Soffee.Core.Api", "Soffee.Core.Api\Soffee.Core.Api.csproj", "{47BA5EB1-01B8-429E-9ED9-C42836F95A4B}"
EndProject
Project("{FAE04EC0-301F-11D3-BF4B-00C04F79EFBC}") = "Soffee.Core.Api.Tests.Unit", "Soffee.Core.Api.Tests.Unit\Soffee.Core.Api.Tests.Unit.csproj", "{3C25BFC4-987A-4A8E-9E80-9C34F7461441}"
EndProject
Global
	GlobalSection(SolutionConfigurationPlatforms) = preSolution
		Debug|Any CPU = Debug|Any CPU
		Release|Any CPU = Release|Any CPU
	EndGlobalSection
	GlobalSection(ProjectConfigurationPlatforms) = postSolution
		{47BA5EB1-01B8-429E-9ED9-C42836F95A4B}.Debug|Any CPU.ActiveCfg = Debug|Any CPU
		{47BA5EB1-01B8-429E-9ED9-C42836F95A4B}.Debug|Any CPU.Build.0 = Debug|Any CPU
		{47BA5EB1-01B8-429E-9ED9-C42836F95A4B}.Release|Any CPU.ActiveCfg = Release|Any CPU
		{47BA5EB1-01B8-429E-9ED9-C42836F95A4B}.Release|Any CPU.Build.0 = Release|Any CPU
		{3C25BFC4-987A-4A8E-9E80-9C34F7461441}.Debug|Any CPU.ActiveCfg = Debug|Any CPU
		{3C25BFC4-987A-4A8E-9E80-9C34F7461441}.Debug|Any CPU.Build.0 = Debug|Any CPU
		{3C25BFC4-987A-4A8E-9E80-9C34F7461441}.Release|Any CPU.ActiveCfg = Release|Any CPU
		{3C25BFC4-987A-4A8E-9E80-9C34F7461441}.Release|Any CPU.Build.0 = Release|Any CPU
	EndGlobalSection
	GlobalSection(SolutionProperties) = preSolution
		HideSolutionNode = FALSE
	EndGlobalSection
	GlobalSection(ExtensibilityGlobals) = postSolution
		SolutionGuid = {6EE9DD43-831B-4E5F-98B5-F64576C1E665}
	EndGlobalSection
EndGlobal
